
Microsoft Visual Studio Solution File, Format Version 12.00
# Visual Studio 15
VisualStudioVersion = 15.0.27130.2010
MinimumVisualStudioVersion = 10.0.40219.1
Project("{FAE04EC0-301F-11D3-BF4B-00C04F79EFBC}") = "Lab6", "Lab6\Lab6.csproj", "{F2D5E7E9-8E45-4B11-B860-A70737C64E7B}"
EndProject
Global
	GlobalSection(SolutionConfigurationPlatforms) = preSolution
		Debug|Any CPU = Debug|Any CPU
		Release|Any CPU = Release|Any CPU
	EndGlobalSection
	GlobalSection(ProjectConfigurationPlatforms) = postSolution
		{F2D5E7E9-8E45-4B11-B860-A70737C64E7B}.Debug|Any CPU.ActiveCfg = Debug|Any CPU
		{F2D5E7E9-8E45-4B11-B860-A70737C64E7B}.Debug|Any CPU.Build.0 = Debug|Any CPU
		{F2D5E7E9-8E45-4B11-B860-A70737C64E7B}.Release|Any CPU.ActiveCfg = Release|Any CPU
		{F2D5E7E9-8E45-4B11-B860-A70737C64E7B}.Release|Any CPU.Build.0 = Release|Any CPU
	EndGlobalSection
	GlobalSection(SolutionProperties) = preSolution
		HideSolutionNode = FALSE
	EndGlobalSection
	GlobalSection(ExtensibilityGlobals) = postSolution
		SolutionGuid = {24FC7829-73CA-48EA-B352-3E5E843CC529}
	EndGlobalSection
EndGlobal
